// !$*UTF8*$!
{archiveVersion = 1; classes = {}; objectVersion = 60; objects = {
9019E03A9516360B00A9DBDC = {isa = PBXFileReference; lastKnownFileType = sourcecode.swift; path = "Fotoro/Albums/NativeAlbumModels.swift"; sourceTree = SOURCE_ROOT;};
3AEBBA1693BDAB9C00442D52 = {isa = PBXBuildFile; fileRef = 9019E03A9516360B00A9DBDC;};
F91D2E68EF1CA411F3C50AFB = {isa = PBXFileReference; lastKnownFileType = sourcecode.swift; path = "Fotoro/Albums/NativeAlbumService.swift"; sourceTree = SOURCE_ROOT;};
109E9E364ADD0F4B47FB2B25 = {isa = PBXBuildFile; fileRef = F91D2E68EF1CA411F3C50AFB;};
62752888FC6F5F82B65984EB = {isa = PBXFileReference; lastKnownFileType = sourcecode.swift; path = "Fotoro/Albums/NativeAlbumView.swift"; sourceTree = SOURCE_ROOT;};
29A0C3A26924B3B9FCC1E698 = {isa = PBXBuildFile; fileRef = 62752888FC6F5F82B65984EB;};
7DB9AA7A3109E2FA3A910428 = {isa = PBXFileReference; lastKnownFileType = sourcecode.swift; path = "Fotoro/AppServices.swift"; sourceTree = SOURCE_ROOT;};
578E109FD93DA5B1EB16AB4F = {isa = PBXBuildFile; fileRef = 7DB9AA7A3109E2FA3A910428;};
F06F34B333C9CFCCA7139ADF = {isa = PBXFileReference; lastKnownFileType = sourcecode.swift; path = "Fotoro/Exchange/APIClient.swift"; sourceTree = SOURCE_ROOT;};
B8687144E563F98C8312BB12 = {isa = PBXBuildFile; fileRef = F06F34B333C9CFCCA7139ADF;};
8C2FDF9B162BDC9982140369 = {isa = PBXFileReference; lastKnownFileType = sourcecode.swift; path = "Fotoro/Exchange/BackgroundUploadState.swift"; sourceTree = SOURCE_ROOT;};
FBC7BBC2DABA9A85C5A75999 = {isa = PBXBuildFile; fileRef = 8C2FDF9B162BDC9982140369;};
54957DEADA933AEA898C7A89 = {isa = PBXFileReference; lastKnownFileType = sourcecode.swift; path = "Fotoro/Exchange/BackgroundUploadTransport.swift"; sourceTree = SOURCE_ROOT;};
8D7927693274A9D652BCEC53 = {isa = PBXBuildFile; fileRef = 54957DEADA933AEA898C7A89;};
7E423DEACDBD5431C6E8C4CD = {isa = PBXFileReference; lastKnownFileType = sourcecode.swift; path = "Fotoro/Exchange/ExchangeView.swift"; sourceTree = SOURCE_ROOT;};
A80ABAAC26A13401921601A3 = {isa = PBXBuildFile; fileRef = 7E423DEACDBD5431C6E8C4CD;};
56EC53DA4F76D233B2ED8EC7 = {isa = PBXFileReference; lastKnownFileType = sourcecode.swift; path = "Fotoro/Exchange/ShareCodeView.swift"; sourceTree = SOURCE_ROOT;};
94CA4C0529C7A67601C0B8DE = {isa = PBXBuildFile; fileRef = 56EC53DA4F76D233B2ED8EC7;};
7F0B2B177850F094B33FAEDA = {isa = PBXFileReference; lastKnownFileType = sourcecode.swift; path = "Fotoro/Exchange/ShareLinks.swift"; sourceTree = SOURCE_ROOT;};
846236DC87A85B1770B9DA16 = {isa = PBXBuildFile; fileRef = 7F0B2B177850F094B33FAEDA;};
3881CDA9089BAEBBB5AB1243 = {isa = PBXFileReference; lastKnownFileType = sourcecode.swift; path = "Fotoro/Exchange/TransferJournal.swift"; sourceTree = SOURCE_ROOT;};
5C583966CC9FC0F7FD4DE262 = {isa = PBXBuildFile; fileRef = 3881CDA9089BAEBBB5AB1243;};
CB2576215CFA57D01BEDC7B1 = {isa = PBXFileReference; lastKnownFileType = sourcecode.swift; path = "Fotoro/FotoroApp.swift"; sourceTree = SOURCE_ROOT;};
6A36634DC8419F2429EF4130 = {isa = PBXBuildFile; fileRef = CB2576215CFA57D01BEDC7B1;};
244A786CFC979373634156DB = {isa = PBXFileReference; lastKnownFileType = sourcecode.swift; path = "Fotoro/Library/AnnotationSync.swift"; sourceTree = SOURCE_ROOT;};
8472FC848CB8E8942E57AE8C = {isa = PBXBuildFile; fileRef = 244A786CFC979373634156DB;};
B8E9D2DAA7582F6FC5D4C8A0 = {isa = PBXFileReference; lastKnownFileType = sourcecode.swift; path = "Fotoro/Library/AutomaticPhotoPicks.swift"; sourceTree = SOURCE_ROOT;};
03EC9BFA411640A583DF5AAA = {isa = PBXBuildFile; fileRef = B8E9D2DAA7582F6FC5D4C8A0;};
791E742F5F3C40770D326F99 = {isa = PBXFileReference; lastKnownFileType = sourcecode.swift; path = "Fotoro/Library/CameraMedia.swift"; sourceTree = SOURCE_ROOT;};
C94A4A834773B4294E0D5ABA = {isa = PBXBuildFile; fileRef = 791E742F5F3C40770D326F99;};
AB1E79B40133FE341CB2491E = {isa = PBXFileReference; lastKnownFileType = sourcecode.swift; path = "Fotoro/Library/ConsumerSyncSummary.swift"; sourceTree = SOURCE_ROOT;};
CDE3977926CE04D2B9569997 = {isa = PBXBuildFile; fileRef = AB1E79B40133FE341CB2491E;};
EF1B5ED475F9D59A355EFA13 = {isa = PBXFileReference; lastKnownFileType = sourcecode.swift; path = "Fotoro/Library/LibraryStore.swift"; sourceTree = SOURCE_ROOT;};
D0A68DF6D2FC571D7CB4E04B = {isa = PBXBuildFile; fileRef = EF1B5ED475F9D59A355EFA13;};
D8B3C0C68F77BBA1152780F4 = {isa = PBXFileReference; lastKnownFileType = sourcecode.swift; path = "Fotoro/Library/LibraryView.swift"; sourceTree = SOURCE_ROOT;};
2B6BAD78478D6FB8C55A3038 = {isa = PBXBuildFile; fileRef = D8B3C0C68F77BBA1152780F4;};
16586D8D848D17593B76F941 = {isa = PBXFileReference; lastKnownFileType = sourcecode.swift; path = "Fotoro/Library/PhotoBrowsing.swift"; sourceTree = SOURCE_ROOT;};
72913EEEF94E86B0E46BABCB = {isa = PBXBuildFile; fileRef = 16586D8D848D17593B76F941;};
86BC15BA691CD1282B2B1D79 = {isa = PBXFileReference; lastKnownFileType = sourcecode.swift; path = "Fotoro/Library/PhotoCaptureMetadata.swift"; sourceTree = SOURCE_ROOT;};
379EB709CDE0C424C4F97207 = {isa = PBXBuildFile; fileRef = 86BC15BA691CD1282B2B1D79;};
0CA041847F8AC39516377BFD = {isa = PBXFileReference; lastKnownFileType = sourcecode.swift; path = "Fotoro/Library/PhotoImport.swift"; sourceTree = SOURCE_ROOT;};
D194A54B78B96B5888035B1C = {isa = PBXBuildFile; fileRef = 0CA041847F8AC39516377BFD;};
1D687116BDE12DB1CAFCA864 = {isa = PBXFileReference; lastKnownFileType = sourcecode.swift; path = "Fotoro/Library/PhotoLocations.swift"; sourceTree = SOURCE_ROOT;};
D3D5E8D4EDD735193942FAEE = {isa = PBXBuildFile; fileRef = 1D687116BDE12DB1CAFCA864;};
84EC104185D3790DD3012B0E = {isa = PBXFileReference; lastKnownFileType = sourcecode.swift; path = "Fotoro/Library/PhotoMetadataSections.swift"; sourceTree = SOURCE_ROOT;};
EA716FB396B8A82A36B6388B = {isa = PBXBuildFile; fileRef = 84EC104185D3790DD3012B0E;};
01557BC7B3EEAA0141905D10 = {isa = PBXFileReference; lastKnownFileType = sourcecode.swift; path = "Fotoro/Library/PhotoPickAnalyzer.swift"; sourceTree = SOURCE_ROOT;};
C9C41DD6A33AAE1C3E930727 = {isa = PBXBuildFile; fileRef = 01557BC7B3EEAA0141905D10;};
3D2E98F48137DA0C4E435AC7 = {isa = PBXFileReference; lastKnownFileType = sourcecode.swift; path = "Fotoro/Library/PhotoPlaceGeometry.swift"; sourceTree = SOURCE_ROOT;};
46F902A3D3D8866A0F3315C8 = {isa = PBXBuildFile; fileRef = 3D2E98F48137DA0C4E435AC7;};
974F8E5223756ECF70DC0AAE = {isa = PBXFileReference; lastKnownFileType = sourcecode.swift; path = "Fotoro/Library/PhotoPlacesView.swift"; sourceTree = SOURCE_ROOT;};
949F2899EEA489F989DAB620 = {isa = PBXBuildFile; fileRef = 974F8E5223756ECF70DC0AAE;};
E8F613E1A11C818647BFCFF0 = {isa = PBXFileReference; lastKnownFileType = sourcecode.swift; path = "Fotoro/Library/PhotoViewer.swift"; sourceTree = SOURCE_ROOT;};
ACA2E2EB2FCB88F8E8E13082 = {isa = PBXBuildFile; fileRef = E8F613E1A11C818647BFCFF0;};
1DEFAC97493B9B76D1C49EB3 = {isa = PBXFileReference; lastKnownFileType = sourcecode.swift; path = "Fotoro/Library/PhotosBackup.swift"; sourceTree = SOURCE_ROOT;};
F0B60B6C056D54555A03101F = {isa = PBXBuildFile; fileRef = 1DEFAC97493B9B76D1C49EB3;};
2A0E629B4947C4C150945AEA = {isa = PBXFileReference; lastKnownFileType = sourcecode.swift; path = "Fotoro/Library/PhotosBackupView.swift"; sourceTree = SOURCE_ROOT;};
BA017EE97192D1E07EBA155A = {isa = PBXBuildFile; fileRef = 2A0E629B4947C4C150945AEA;};
F6739F2FC6BEFE5BF80ABCF3 = {isa = PBXFileReference; lastKnownFileType = sourcecode.swift; path = "Fotoro/Library/RecentPhotosStore.swift"; sourceTree = SOURCE_ROOT;};
B8909F83A016C84C6267E4AC = {isa = PBXBuildFile; fileRef = F6739F2FC6BEFE5BF80ABCF3;};
F4B85A625F764EB8B3B4BB32 = {isa = PBXFileReference; lastKnownFileType = sourcecode.swift; path = "Fotoro/Library/RecentPhotosView.swift"; sourceTree = SOURCE_ROOT;};
D54EF57C7A38E5E49786F4C1 = {isa = PBXBuildFile; fileRef = F4B85A625F764EB8B3B4BB32;};
1AB11090110E19CB7928E0DA = {isa = PBXFileReference; lastKnownFileType = text; path = "Fotoro/People/ONNXRuntime-LICENSE.txt"; sourceTree = SOURCE_ROOT;};
CDBCE86B522ED9C975636B2E = {isa = PBXBuildFile; fileRef = 1AB11090110E19CB7928E0DA;};
1A38B312926FDCBA0E715C84 = {isa = PBXFileReference; lastKnownFileType = sourcecode.swift; path = "Fotoro/People/PhotoFaceProcessor.swift"; sourceTree = SOURCE_ROOT;};
B981408A4B808CE65F781245 = {isa = PBXBuildFile; fileRef = 1A38B312926FDCBA0E715C84;};
4ACE6EF5DE988F0ACFB9AA24 = {isa = PBXFileReference; lastKnownFileType = sourcecode.swift; path = "Fotoro/People/PhotoPeopleEvidence.swift"; sourceTree = SOURCE_ROOT;};
B02C9BF180D202404A260D07 = {isa = PBXBuildFile; fileRef = 4ACE6EF5DE988F0ACFB9AA24;};
899CECB8E518B7FB331E2A49 = {isa = PBXFileReference; lastKnownFileType = sourcecode.swift; path = "Fotoro/People/PhotoPeopleFacts.swift"; sourceTree = SOURCE_ROOT;};
560BB196EFD6EBAFFF25D4C7 = {isa = PBXBuildFile; fileRef = 899CECB8E518B7FB331E2A49;};
2D1C4B657E0C287F52F7B66F = {isa = PBXFileReference; lastKnownFileType = sourcecode.swift; path = "Fotoro/People/PhotoPeopleIndex.swift"; sourceTree = SOURCE_ROOT;};
0D4F3CABEBC3997FDE8BB8BE = {isa = PBXBuildFile; fileRef = 2D1C4B657E0C287F52F7B66F;};
B2D96B28D6B3CD66133D2B96 = {isa = PBXFileReference; lastKnownFileType = sourcecode.swift; path = "Fotoro/People/PhotoPeopleStore.swift"; sourceTree = SOURCE_ROOT;};
D6814A8C8640C46A3EF1552A = {isa = PBXBuildFile; fileRef = B2D96B28D6B3CD66133D2B96;};
F0EC7E5ACA48D0E2FF706F6C = {isa = PBXFileReference; lastKnownFileType = sourcecode.swift; path = "Fotoro/People/PhotoPeopleView.swift"; sourceTree = SOURCE_ROOT;};
3AA55C0DDAF02D5CA18BC483 = {isa = PBXBuildFile; fileRef = F0EC7E5ACA48D0E2FF706F6C;};
FCDBB062C8529C4EE4F017EB = {isa = PBXFileReference; lastKnownFileType = text; path = "Fotoro/People/SFace-LICENSE.txt"; sourceTree = SOURCE_ROOT;};
513D74330E7C599EB7391F05 = {isa = PBXBuildFile; fileRef = FCDBB062C8529C4EE4F017EB;};
E1890F72F3C2308D2DFCE637 = {isa = PBXFileReference; lastKnownFileType = text; path = "Fotoro/People/YuNet-LICENSE.txt"; sourceTree = SOURCE_ROOT;};
DF6A302D0BD7E508464E6F04 = {isa = PBXBuildFile; fileRef = E1890F72F3C2308D2DFCE637;};
F24C4E607CFB959781B0E568 = {isa = PBXFileReference; lastKnownFileType = file; path = "Fotoro/People/face_detection_yunet_2023mar.onnx"; sourceTree = SOURCE_ROOT;};
5073A7CA11BFCD69ED56AC5B = {isa = PBXBuildFile; fileRef = F24C4E607CFB959781B0E568;};
A588C360258FE3618C78E2E4 = {isa = PBXFileReference; lastKnownFileType = file; path = "Fotoro/People/face_recognition_sface_2021dec.onnx"; sourceTree = SOURCE_ROOT;};
B28594ED25B811BAC2397D23 = {isa = PBXBuildFile; fileRef = A588C360258FE3618C78E2E4;};
35A1C3F0FA0C7021439C69A2 = {isa = PBXFileReference; lastKnownFileType = text.xml; path = "Fotoro/PrivacyInfo.xcprivacy"; sourceTree = SOURCE_ROOT;};
5C48A530293A22A9BC62FE4D = {isa = PBXBuildFile; fileRef = 35A1C3F0FA0C7021439C69A2;};
DC91BE577272F6ECEC04F472 = {isa = PBXFileReference; lastKnownFileType = folder.assetcatalog; path = "Fotoro/Resources/Assets.xcassets"; sourceTree = SOURCE_ROOT;};
F40BD85D5CEA6F71727BADFD = {isa = PBXBuildFile; fileRef = DC91BE577272F6ECEC04F472;};
F644429226F99AD103A49D36 = {isa = PBXFileReference; lastKnownFileType = image.jpeg; path = "Fotoro/Resources/singapore.jpg"; sourceTree = SOURCE_ROOT;};
F0AA1DB72BC7E8BD25D8362F = {isa = PBXBuildFile; fileRef = F644429226F99AD103A49D36;};
30D8B65A40E0C6F613DCBB1C = {isa = PBXFileReference; lastKnownFileType = text; path = "Fotoro/Search/Apple-CLIP-Tokenizer-LICENSE.txt"; sourceTree = SOURCE_ROOT;};
66E74E17AFCFF80C586BF05A = {isa = PBXBuildFile; fileRef = 30D8B65A40E0C6F613DCBB1C;};
9F7D264E140BD71919B5D773 = {isa = PBXFileReference; lastKnownFileType = sourcecode.swift; path = "Fotoro/Search/CLIPTokenizer.swift"; sourceTree = SOURCE_ROOT;};
8C0D4521CD77BC1C99C9C15B = {isa = PBXBuildFile; fileRef = 9F7D264E140BD71919B5D773;};
8EDC468E577072C20C6C9CCF = {isa = PBXFileReference; lastKnownFileType = sourcecode.swift; path = "Fotoro/Search/ConsumerPhotoReference.swift"; sourceTree = SOURCE_ROOT;};
79134CEA0842B0B2D09DB583 = {isa = PBXBuildFile; fileRef = 8EDC468E577072C20C6C9CCF;};
20C96A8055A3F7C19C9E7DA1 = {isa = PBXFileReference; lastKnownFileType = sourcecode.swift; path = "Fotoro/Search/LocalSearchStore.swift"; sourceTree = SOURCE_ROOT;};
5E748718FEFD102C97D630C3 = {isa = PBXBuildFile; fileRef = 20C96A8055A3F7C19C9E7DA1;};
F2E901F91E0397C1A1E1C45E = {isa = PBXFileReference; lastKnownFileType = sourcecode.swift; path = "Fotoro/Search/LocalSearchView.swift"; sourceTree = SOURCE_ROOT;};
7A5B7700E7DF76857DF0C066 = {isa = PBXBuildFile; fileRef = F2E901F91E0397C1A1E1C45E;};
E6456660B176EEBE0E8BA02C = {isa = PBXFileReference; lastKnownFileType = sourcecode.swift; path = "Fotoro/Search/NaturalDateQuery.swift"; sourceTree = SOURCE_ROOT;};
0D18BC448A07D55B8758644B = {isa = PBXBuildFile; fileRef = E6456660B176EEBE0E8BA02C;};
7A14E3BCA69605502DD5C1E2 = {isa = PBXFileReference; lastKnownFileType = sourcecode.swift; path = "Fotoro/Search/PhotoSemanticProcessor.swift"; sourceTree = SOURCE_ROOT;};
965B7BFEB012DD917AE9A468 = {isa = PBXBuildFile; fileRef = 7A14E3BCA69605502DD5C1E2;};
4527F6AFB9EBEDB956A59215 = {isa = PBXFileReference; lastKnownFileType = sourcecode.swift; path = "Fotoro/Search/SearchIndex.swift"; sourceTree = SOURCE_ROOT;};
E287EBC08EFDDAA68E915CC3 = {isa = PBXBuildFile; fileRef = 4527F6AFB9EBEDB956A59215;};
A99C9032CD29CFBB3DDC6DBB = {isa = PBXFileReference; lastKnownFileType = sourcecode.swift; path = "Fotoro/Search/SearchModels.swift"; sourceTree = SOURCE_ROOT;};
C509F990671D24CF93E50155 = {isa = PBXBuildFile; fileRef = A99C9032CD29CFBB3DDC6DBB;};
CCB40A8FD27FB49DF9CA0C6C = {isa = PBXFileReference; lastKnownFileType = text; path = "Fotoro/Search/TinyCLIP-LICENSE.txt"; sourceTree = SOURCE_ROOT;};
E1DE1E468B841F5DF1E06DD1 = {isa = PBXBuildFile; fileRef = CCB40A8FD27FB49DF9CA0C6C;};
2DAA44E924F15DF1A2BFDC23 = {isa = PBXFileReference; lastKnownFileType = sourcecode.swift; path = "Fotoro/Search/VisionTextProcessor.swift"; sourceTree = SOURCE_ROOT;};
F7E67C32AF66F8D77E6EB580 = {isa = PBXBuildFile; fileRef = 2DAA44E924F15DF1A2BFDC23;};
962E6EA50CB72DBF9425B47E = {isa = PBXFileReference; lastKnownFileType = text; path = "Fotoro/Search/clip-merges.txt"; sourceTree = SOURCE_ROOT;};
0E4F9D2AC1D6520FB7C3DF9B = {isa = PBXBuildFile; fileRef = 962E6EA50CB72DBF9425B47E;};
CE82D415120F18C6588651A0 = {isa = PBXFileReference; lastKnownFileType = text.json; path = "Fotoro/Search/clip-vocab.json"; sourceTree = SOURCE_ROOT;};
0A2E80F4A91C044103EDEBD2 = {isa = PBXBuildFile; fileRef = CE82D415120F18C6588651A0;};
48840B0AB0B96069F845043A = {isa = PBXFileReference; lastKnownFileType = sourcecode.swift; path = "Fotoro/Support/FotoroError.swift"; sourceTree = SOURCE_ROOT;};
6591C3C7D813F39B05F4DBAD = {isa = PBXBuildFile; fileRef = 48840B0AB0B96069F845043A;};
98847A5D27B5F521D56945F5 = {isa = PBXFileReference; lastKnownFileType = sourcecode.swift; path = "Fotoro/Vault/AccountSession.swift"; sourceTree = SOURCE_ROOT;};
32E8098FB73230FD325406E1 = {isa = PBXBuildFile; fileRef = 98847A5D27B5F521D56945F5;};
5D63C24159BEF29FDB54E5F4 = {isa = PBXFileReference; lastKnownFileType = sourcecode.swift; path = "Fotoro/Vault/AccountView.swift"; sourceTree = SOURCE_ROOT;};
A3DAF361333BE55ADBB7AAD6 = {isa = PBXBuildFile; fileRef = 5D63C24159BEF29FDB54E5F4;};
DF84D9727B0D51F1C4B83A97 = {isa = PBXFileReference; lastKnownFileType = sourcecode.swift; path = "Fotoro/Vault/CryptoAdapter.swift"; sourceTree = SOURCE_ROOT;};
CA0C424455A01FB195B453F2 = {isa = PBXBuildFile; fileRef = DF84D9727B0D51F1C4B83A97;};
C2FF36AB5C2C5935EEE7F98E = {isa = PBXFileReference; lastKnownFileType = sourcecode.swift; path = "Fotoro/Vault/DeviceTrust.swift"; sourceTree = SOURCE_ROOT;};
DE8F400AF458817AB6559701 = {isa = PBXBuildFile; fileRef = C2FF36AB5C2C5935EEE7F98E;};
BF3D485459C2337886EBE11C = {isa = PBXFileReference; lastKnownFileType = sourcecode.swift; path = "Fotoro/Vault/NativeAuth.swift"; sourceTree = SOURCE_ROOT;};
84B09547160245AFB8920D7B = {isa = PBXBuildFile; fileRef = BF3D485459C2337886EBE11C;};
B0BF73A3B6F873049A00ABA0 = {isa = PBXFileReference; lastKnownFileType = sourcecode.swift; path = "Fotoro/Vault/VaultStore.swift"; sourceTree = SOURCE_ROOT;};
51EB347412577FEE90CFEDC6 = {isa = PBXBuildFile; fileRef = B0BF73A3B6F873049A00ABA0;};
7517313B7B42E2660286116F = {isa = PBXFileReference; lastKnownFileType = sourcecode.swift; path = "Fotoro/WireModels.swift"; sourceTree = SOURCE_ROOT;};
445B45A99AC7FE6A253CB56F = {isa = PBXBuildFile; fileRef = 7517313B7B42E2660286116F;};
9A6E21AACC45A6135E07985C = {isa = PBXFileReference; lastKnownFileType = sourcecode.swift; path = "FotoroTests/AnnotationTests.swift"; sourceTree = SOURCE_ROOT;};
6C4DCC2321C36C581B592886 = {isa = PBXBuildFile; fileRef = 9A6E21AACC45A6135E07985C;};
AE3B59E832E74F9D81102349 = {isa = PBXFileReference; lastKnownFileType = sourcecode.swift; path = "FotoroTests/AutomaticPhotoPicksTests.swift"; sourceTree = SOURCE_ROOT;};
3FAA51D3833093496934CB14 = {isa = PBXBuildFile; fileRef = AE3B59E832E74F9D81102349;};
6880B34792A04FB38E10B5D3 = {isa = PBXFileReference; lastKnownFileType = sourcecode.swift; path = "FotoroTests/BackgroundCiphertextTests.swift"; sourceTree = SOURCE_ROOT;};
19E2FDCC10DAE00FA9F46A98 = {isa = PBXBuildFile; fileRef = 6880B34792A04FB38E10B5D3;};
89279460120A351F6FFB60C2 = {isa = PBXFileReference; lastKnownFileType = sourcecode.swift; path = "FotoroTests/BackgroundUploadTests.swift"; sourceTree = SOURCE_ROOT;};
22C341E7024D47840DA59E41 = {isa = PBXBuildFile; fileRef = 89279460120A351F6FFB60C2;};
6F432EBEE5E968928F56831E = {isa = PBXFileReference; lastKnownFileType = sourcecode.swift; path = "FotoroTests/CameraMediaTests.swift"; sourceTree = SOURCE_ROOT;};
CF39D6CB03998EC82E01DA2E = {isa = PBXBuildFile; fileRef = 6F432EBEE5E968928F56831E;};
815CC81F984726D06B0E68D1 = {isa = PBXFileReference; lastKnownFileType = sourcecode.swift; path = "FotoroTests/ConsumerCoreTests.swift"; sourceTree = SOURCE_ROOT;};
124C871D34B25F5587A80BCE = {isa = PBXBuildFile; fileRef = 815CC81F984726D06B0E68D1;};
126FEB74C952CC03BBB01874 = {isa = PBXFileReference; lastKnownFileType = sourcecode.swift; path = "FotoroTests/CryptoVectorTests.swift"; sourceTree = SOURCE_ROOT;};
B702FB89D10277AA827D460D = {isa = PBXBuildFile; fileRef = 126FEB74C952CC03BBB01874;};
2EA670A1FD648CE632543C24 = {isa = PBXFileReference; lastKnownFileType = sourcecode.swift; path = "FotoroTests/ExchangeTests.swift"; sourceTree = SOURCE_ROOT;};
086B77C9A92B2BB85147980A = {isa = PBXBuildFile; fileRef = 2EA670A1FD648CE632543C24;};
9065FAA0C3A9BCD4C2EAF9C7 = {isa = PBXFileReference; lastKnownFileType = sourcecode.swift; path = "FotoroTests/ImportTests.swift"; sourceTree = SOURCE_ROOT;};
2FDB40CFAB6E35F8AA02B18C = {isa = PBXBuildFile; fileRef = 9065FAA0C3A9BCD4C2EAF9C7;};
788B4E0ED7937CBECCEBFDDC = {isa = PBXFileReference; lastKnownFileType = sourcecode.swift; path = "FotoroTests/LocalPreviewIsolationTests.swift"; sourceTree = SOURCE_ROOT;};
E6056228E128DEC363D1B181 = {isa = PBXBuildFile; fileRef = 788B4E0ED7937CBECCEBFDDC;};
C5A1A9853998CDB07572187A = {isa = PBXFileReference; lastKnownFileType = sourcecode.swift; path = "FotoroTests/NativeAlbumTests.swift"; sourceTree = SOURCE_ROOT;};
7F07AA8C4C1E8551954BB0A0 = {isa = PBXBuildFile; fileRef = C5A1A9853998CDB07572187A;};
EB5B33A84A106088F034FB81 = {isa = PBXFileReference; lastKnownFileType = sourcecode.swift; path = "FotoroTests/NaturalDateSearchTests.swift"; sourceTree = SOURCE_ROOT;};
52365776882A9FF5F3C1A2F1 = {isa = PBXBuildFile; fileRef = EB5B33A84A106088F034FB81;};
32B5764B4A4786C682BF2547 = {isa = PBXFileReference; lastKnownFileType = sourcecode.swift; path = "FotoroTests/PhotoBrowsingTests.swift"; sourceTree = SOURCE_ROOT;};
F57D6DD7D7B4756D3E8DD853 = {isa = PBXBuildFile; fileRef = 32B5764B4A4786C682BF2547;};
C6EE632984D7A0697A633AF7 = {isa = PBXFileReference; lastKnownFileType = sourcecode.swift; path = "FotoroTests/PhotoCaptureMetadataTests.swift"; sourceTree = SOURCE_ROOT;};
51B36BDA026BC69922E7F0AB = {isa = PBXBuildFile; fileRef = C6EE632984D7A0697A633AF7;};
72EE2244D62335F1B5302F12 = {isa = PBXFileReference; lastKnownFileType = sourcecode.swift; path = "FotoroTests/PhotoLocationsTests.swift"; sourceTree = SOURCE_ROOT;};
0FD39F25D2611A25E0D69782 = {isa = PBXBuildFile; fileRef = 72EE2244D62335F1B5302F12;};
B2CCD3AE89A9A05426BA7A06 = {isa = PBXFileReference; lastKnownFileType = sourcecode.swift; path = "FotoroTests/PhotoMetadataPresentationTests.swift"; sourceTree = SOURCE_ROOT;};
7BF1BB813F2B6D4E614F2CE0 = {isa = PBXBuildFile; fileRef = B2CCD3AE89A9A05426BA7A06;};
8CC4474C5862B3D0D67C1743 = {isa = PBXFileReference; lastKnownFileType = sourcecode.swift; path = "FotoroTests/PhotoPeopleTests.swift"; sourceTree = SOURCE_ROOT;};
65DBEBA35F3AEB069E152C1A = {isa = PBXBuildFile; fileRef = 8CC4474C5862B3D0D67C1743;};
51D34418F3C80C512CB7C9EB = {isa = PBXFileReference; lastKnownFileType = sourcecode.swift; path = "FotoroTests/PhotoPickLifecycleTests.swift"; sourceTree = SOURCE_ROOT;};
E9C0C452C04E8D2B0A5B877B = {isa = PBXBuildFile; fileRef = 51D34418F3C80C512CB7C9EB;};
A4744ABAAC71A9BE074509B5 = {isa = PBXFileReference; lastKnownFileType = sourcecode.swift; path = "FotoroTests/PhotoPlaceGeometryTests.swift"; sourceTree = SOURCE_ROOT;};
55431FD5C5A281FF950EC5D4 = {isa = PBXBuildFile; fileRef = A4744ABAAC71A9BE074509B5;};
797440CD9D37E74E34ED38D7 = {isa = PBXFileReference; lastKnownFileType = sourcecode.swift; path = "FotoroTests/PhotosBackupTests.swift"; sourceTree = SOURCE_ROOT;};
A5328239F7E3881EDC63D159 = {isa = PBXBuildFile; fileRef = 797440CD9D37E74E34ED38D7;};
00527B0E073F3F9DC5F532E6 = {isa = PBXFileReference; lastKnownFileType = sourcecode.swift; path = "FotoroTests/RecentPhotosTests.swift"; sourceTree = SOURCE_ROOT;};
CC5CE8479E27FEE1AAD2F4FA = {isa = PBXBuildFile; fileRef = 00527B0E073F3F9DC5F532E6;};
8FD2B668FEC06C4FB18BDCC0 = {isa = PBXFileReference; lastKnownFileType = sourcecode.swift; path = "FotoroTests/RecoveryTests.swift"; sourceTree = SOURCE_ROOT;};
FAA3E1AB376845E3CC59D31F = {isa = PBXBuildFile; fileRef = 8FD2B668FEC06C4FB18BDCC0;};
A89399CAD4D30E3DD0E75B8F = {isa = PBXFileReference; lastKnownFileType = sourcecode.swift; path = "FotoroTests/SearchLifecycleTests.swift"; sourceTree = SOURCE_ROOT;};
B3FE1D6CB4EE1BAC51539426 = {isa = PBXBuildFile; fileRef = A89399CAD4D30E3DD0E75B8F;};
69E2B565E179BD6EEC62C424 = {isa = PBXFileReference; lastKnownFileType = sourcecode.swift; path = "FotoroTests/SearchPerformanceTests.swift"; sourceTree = SOURCE_ROOT;};
656064C9E30ABC3CCCDCCBBC = {isa = PBXBuildFile; fileRef = 69E2B565E179BD6EEC62C424;};
8E9023F02EC23F5628A99CFD = {isa = PBXFileReference; lastKnownFileType = sourcecode.swift; path = "FotoroTests/SearchStoreTests.swift"; sourceTree = SOURCE_ROOT;};
0AB28BF19BF656E8DD859217 = {isa = PBXBuildFile; fileRef = 8E9023F02EC23F5628A99CFD;};
FE352D8A5D53C4DCD58ADFC3 = {isa = PBXFileReference; lastKnownFileType = sourcecode.swift; path = "FotoroTests/SearchTests.swift"; sourceTree = SOURCE_ROOT;};
B5C1DB65B1004708593ACEC1 = {isa = PBXBuildFile; fileRef = FE352D8A5D53C4DCD58ADFC3;};
8654273042A904FAF40272F4 = {isa = PBXFileReference; lastKnownFileType = sourcecode.swift; path = "FotoroTests/SemanticSearchTests.swift"; sourceTree = SOURCE_ROOT;};
BB9D217418901F143AB704D3 = {isa = PBXBuildFile; fileRef = 8654273042A904FAF40272F4;};
40783BB1F1AF4ED051960CDF = {isa = PBXFileReference; lastKnownFileType = sourcecode.swift; path = "FotoroTests/ShareLinksTests.swift"; sourceTree = SOURCE_ROOT;};
7D74EFAA5430C466645EB37E = {isa = PBXBuildFile; fileRef = 40783BB1F1AF4ED051960CDF;};
7B2663FD507561D7E10835AB = {isa = PBXFileReference; lastKnownFileType = sourcecode.swift; path = "FotoroTests/SharingSafetyTests.swift"; sourceTree = SOURCE_ROOT;};
B1D58B3CCDE552A88C3E3128 = {isa = PBXBuildFile; fileRef = 7B2663FD507561D7E10835AB;};
C6C42B6EE06974054BD81685 = {isa = PBXFileReference; lastKnownFileType = sourcecode.swift; path = "FotoroTests/TransferTests.swift"; sourceTree = SOURCE_ROOT;};
073BA230E5B234BE8F984D60 = {isa = PBXBuildFile; fileRef = C6C42B6EE06974054BD81685;};
DF96E9BF0CAC5B53D1E3F330 = {isa = PBXFileReference; lastKnownFileType = sourcecode.swift; path = "FotoroTests/VisualSearchTests.swift"; sourceTree = SOURCE_ROOT;};
844E419010A8A71404710978 = {isa = PBXBuildFile; fileRef = DF96E9BF0CAC5B53D1E3F330;};
00249C08AF001F8370F276A7 = {isa = PBXFileReference; lastKnownFileType = text.json; path = "FotoroTests/accounts.json"; sourceTree = SOURCE_ROOT;};
3919C6CB350AB83125F5A3C3 = {isa = PBXBuildFile; fileRef = 00249C08AF001F8370F276A7;};
B889C1BCA8E0D1639383D016 = {isa = PBXFileReference; lastKnownFileType = file; path = "FotoroTests/camera-live.fotoro-live"; sourceTree = SOURCE_ROOT;};
0CC06D81EE354FA728171B11 = {isa = PBXBuildFile; fileRef = B889C1BCA8E0D1639383D016;};
EC3366662883C77DC746F878 = {isa = PBXFileReference; lastKnownFileType = video.quicktime; path = "FotoroTests/camera-motion.mov"; sourceTree = SOURCE_ROOT;};
F2E5F97CA4EB91FD036920BF = {isa = PBXBuildFile; fileRef = EC3366662883C77DC746F878;};
97A3B1A3B88081D3FE8681A1 = {isa = PBXFileReference; lastKnownFileType = text.json; path = "FotoroTests/crypto-v1.json"; sourceTree = SOURCE_ROOT;};
B784514BEA7E4C42B4588BC0 = {isa = PBXBuildFile; fileRef = 97A3B1A3B88081D3FE8681A1;};
B191AE195B1EB7D8E86EB0A9 = {isa = PBXFileReference; lastKnownFileType = image.jpeg; path = "FotoroTests/neutral-a.png"; sourceTree = SOURCE_ROOT;};
8B0B8619AD6DC5EA3BC7CDC4 = {isa = PBXBuildFile; fileRef = B191AE195B1EB7D8E86EB0A9;};
F4B5A72FB93CE48697A4DB6F = {isa = PBXFileReference; lastKnownFileType = image.jpeg; path = "FotoroTests/neutral-c.png"; sourceTree = SOURCE_ROOT;};
C2A0A29562C273802F4B1CEF = {isa = PBXBuildFile; fileRef = F4B5A72FB93CE48697A4DB6F;};
1CDAD821DE60EEC74AB0CC38 = {isa = PBXFileReference; lastKnownFileType = text; path = "FotoroTests/people-public-nasa-source.txt"; sourceTree = SOURCE_ROOT;};
178CFA67526A9AB90158E61D = {isa = PBXBuildFile; fileRef = 1CDAD821DE60EEC74AB0CC38;};
578B523A1191EBE235636B95 = {isa = PBXFileReference; lastKnownFileType = image.jpeg; path = "FotoroTests/people-public-nasa.jpg"; sourceTree = SOURCE_ROOT;};
D2ED44F20F3D3F67227DB3EF = {isa = PBXBuildFile; fileRef = 578B523A1191EBE235636B95;};
2E901F3560F2371D4A9DEFFC = {isa = PBXFileReference; lastKnownFileType = text.json; path = "FotoroTests/search-cases.json"; sourceTree = SOURCE_ROOT;};
5C13C1FE854E3986D51C7A26 = {isa = PBXBuildFile; fileRef = 2E901F3560F2371D4A9DEFFC;};
5A8BF9820DC5B0CFDB30C01E = {isa = PBXFileReference; lastKnownFileType = image.jpeg; path = "FotoroTests/semantic-fireworks.jpg"; sourceTree = SOURCE_ROOT;};
6D099B6747B5E11BF0565234 = {isa = PBXBuildFile; fileRef = 5A8BF9820DC5B0CFDB30C01E;};
8A6FE27186EE5B3621FCE7B2 = {isa = PBXFileReference; lastKnownFileType = text.json; path = "FotoroTests/share-links-v1.json"; sourceTree = SOURCE_ROOT;};
C4949561ECA4B0373F97A52F = {isa = PBXBuildFile; fileRef = 8A6FE27186EE5B3621FCE7B2;};
648E93507F325954693780B9 = {isa = XCRemoteSwiftPackageReference; repositoryURL = "https://github.com/jedisct1/swift-sodium.git"; requirement = {kind = upToNextMajorVersion; minimumVersion = 0.9.1;};};
35BA06C597E108713A55D3C3 = {isa = XCSwiftPackageProductDependency; package = 648E93507F325954693780B9; productName = Sodium;};
359CC0A73284DA84AE3CE11F = {isa = XCRemoteSwiftPackageReference; repositoryURL = "https://github.com/groue/GRDB.swift.git"; requirement = {kind = upToNextMajorVersion; minimumVersion = 7.0.0;};};
DA7FCAD0209B790FD7DC0CD3 = {isa = XCSwiftPackageProductDependency; package = 359CC0A73284DA84AE3CE11F; productName = GRDB;};
E29CEC1EE32E9DE5220E6389 = {isa = XCRemoteSwiftPackageReference; repositoryURL = "https://github.com/kean/Nuke.git"; requirement = {kind = upToNextMajorVersion; minimumVersion = 12.8.0;};};
7BC5197D36984F29C1E625AC = {isa = XCSwiftPackageProductDependency; package = E29CEC1EE32E9DE5220E6389; productName = Nuke;};
9449C18C9520A9155BE216B4 = {isa = XCSwiftPackageProductDependency; package = E29CEC1EE32E9DE5220E6389; productName = NukeUI;};
F79E1F40615E2294C244561C = {isa = XCRemoteSwiftPackageReference; repositoryURL = "https://github.com/microsoft/onnxruntime-swift-package-manager.git"; requirement = {kind = exactVersion; version = 1.24.2;};};
E108A4021BC202377E23F9FF = {isa = XCSwiftPackageProductDependency; package = F79E1F40615E2294C244561C; productName = onnxruntime;};
FAA5716510AAFFBDF1C774E0 = {isa = PBXBuildFile; productRef = 35BA06C597E108713A55D3C3;};
03671EB23DBC91596DA2614A = {isa = PBXBuildFile; productRef = DA7FCAD0209B790FD7DC0CD3;};
104D39A3AD5723B8125CE272 = {isa = PBXBuildFile; productRef = 7BC5197D36984F29C1E625AC;};
B95C06FFF0869EE608D47EDE = {isa = PBXBuildFile; productRef = 9449C18C9520A9155BE216B4;};
EE5C659213577BC20A0657F9 = {isa = PBXBuildFile; productRef = E108A4021BC202377E23F9FF;};
149F2B477E2DCC6A3D5388FC = {isa = PBXBuildFile; fileRef = CB2576215CFA57D01BEDC7B1;};
DD8E2926770AD7E46EBADFD7 = {isa = PBXBuildFile; fileRef = F6739F2FC6BEFE5BF80ABCF3;};
468DA0C795942DD0E5C60228 = {isa = PBXBuildFile; fileRef = 16586D8D848D17593B76F941;};
5F6A6099665CC29A68EF94F3 = {isa = PBXBuildFile; fileRef = 1D687116BDE12DB1CAFCA864;};
8218EC896AB16C103A6A8611 = {isa = PBXBuildFile; fileRef = 86BC15BA691CD1282B2B1D79;};
69257FD1F20E35DC0AFE91E0 = {isa = PBXBuildFile; fileRef = 84EC104185D3790DD3012B0E;};
BBF60FD75AA7B425F6293479 = {isa = PBXBuildFile; fileRef = 3D2E98F48137DA0C4E435AC7;};
496822AD58129DA105FC1A7F = {isa = PBXBuildFile; fileRef = 974F8E5223756ECF70DC0AAE;};
E423C48CD4EFC427D33B6463 = {isa = PBXBuildFile; fileRef = B8E9D2DAA7582F6FC5D4C8A0;};
97601D01BCE5F723EB82AF55 = {isa = PBXBuildFile; fileRef = 01557BC7B3EEAA0141905D10;};
6515C8AA038610400F0BCDF9 = {isa = PBXBuildFile; fileRef = F4B85A625F764EB8B3B4BB32;};
8804276E907FE8BC1A8C7B34 = {isa = PBXBuildFile; fileRef = 20C96A8055A3F7C19C9E7DA1;};
F52EDF126AFFC90451886F96 = {isa = PBXBuildFile; fileRef = F2E901F91E0397C1A1E1C45E;};
C147FFB29444031B6E6AABE8 = {isa = PBXBuildFile; fileRef = 4527F6AFB9EBEDB956A59215;};
1F9E558E501F2E5F7969A50F = {isa = PBXBuildFile; fileRef = A99C9032CD29CFBB3DDC6DBB;};
05AC41D06F8CA746DB94B026 = {isa = PBXBuildFile; fileRef = E6456660B176EEBE0E8BA02C;};
F1DA511BFCD62E9588D00892 = {isa = PBXBuildFile; fileRef = 2DAA44E924F15DF1A2BFDC23;};
D50D0C468CA3F8CC15A075E6 = {isa = PBXBuildFile; fileRef = 48840B0AB0B96069F845043A;};
EB10EA1A7B1B42A3CFED2F11 = {isa = PBXBuildFile; fileRef = DC91BE577272F6ECEC04F472;};
B7D92E0C7A4622A0888FD5A2 = {isa = PBXBuildFile; fileRef = 35A1C3F0FA0C7021439C69A2;};
FAB9121554E4702F01900517 = {isa = PBXBuildFile; fileRef = FE352D8A5D53C4DCD58ADFC3;};
B9003955A9C422A96724AFCA = {isa = PBXBuildFile; fileRef = 8E9023F02EC23F5628A99CFD;};
4E584884A46B951B7A7E0DF0 = {isa = PBXBuildFile; fileRef = 69E2B565E179BD6EEC62C424;};
A214E21C9E815F510678AA38 = {isa = PBXBuildFile; fileRef = A89399CAD4D30E3DD0E75B8F;};
37B4508B554A7F052B3F9868 = {isa = PBXBuildFile; fileRef = DF96E9BF0CAC5B53D1E3F330;};
6B07104484389B9FEDBFD693 = {isa = PBXBuildFile; fileRef = EB5B33A84A106088F034FB81;};
63A6BAD4013AE923C7662F98 = {isa = PBXBuildFile; fileRef = 788B4E0ED7937CBECCEBFDDC;};
1235F755B118E2D53E9145D9 = {isa = PBXBuildFile; fileRef = AE3B59E832E74F9D81102349;};
F9048B48E6F0F40A0BFCAF16 = {isa = PBXBuildFile; fileRef = 51D34418F3C80C512CB7C9EB;};
CEFAD6C3BE33085ACBA11F96 = {isa = PBXBuildFile; fileRef = 32B5764B4A4786C682BF2547;};
B1F81C60DADB3406412271E5 = {isa = PBXBuildFile; fileRef = 72EE2244D62335F1B5302F12;};
1FDAA708F3CA34E7C6FA32D5 = {isa = PBXBuildFile; fileRef = C6EE632984D7A0697A633AF7;};
4C9A85F712B89F2409280652 = {isa = PBXBuildFile; fileRef = B2CCD3AE89A9A05426BA7A06;};
D88AC6236F22E03C6BF13A7E = {isa = PBXBuildFile; fileRef = A4744ABAAC71A9BE074509B5;};
D74BD59A28254FBF20FEB5EA = {isa = PBXBuildFile; fileRef = 2E901F3560F2371D4A9DEFFC;};
CE8B6E07D64D26BA0FD41B2C = {isa = PBXBuildFile; fileRef = B191AE195B1EB7D8E86EB0A9;};
894B7EF99097027AC1CFF6F9 = {isa = PBXBuildFile; fileRef = F4B5A72FB93CE48697A4DB6F;};
764CF72651A8828EA23BDB0D = {isa = PBXBuildFile; productRef = DA7FCAD0209B790FD7DC0CD3;};
712039F6A266B0E1BD3FD639 = {isa = PBXFileReference; explicitFileType = wrapper.application; path = Fotoro.app; sourceTree = BUILT_PRODUCTS_DIR;};
A047CCCB3AC39017E8B1FAFC = {isa = PBXSourcesBuildPhase; buildActionMask = 2147483647; files = (3AEBBA1693BDAB9C00442D52,109E9E364ADD0F4B47FB2B25,29A0C3A26924B3B9FCC1E698,578E109FD93DA5B1EB16AB4F,B8687144E563F98C8312BB12,FBC7BBC2DABA9A85C5A75999,8D7927693274A9D652BCEC53,A80ABAAC26A13401921601A3,94CA4C0529C7A67601C0B8DE,846236DC87A85B1770B9DA16,5C583966CC9FC0F7FD4DE262,6A36634DC8419F2429EF4130,8472FC848CB8E8942E57AE8C,03EC9BFA411640A583DF5AAA,C94A4A834773B4294E0D5ABA,CDE3977926CE04D2B9569997,D0A68DF6D2FC571D7CB4E04B,2B6BAD78478D6FB8C55A3038,72913EEEF94E86B0E46BABCB,379EB709CDE0C424C4F97207,D194A54B78B96B5888035B1C,D3D5E8D4EDD735193942FAEE,EA716FB396B8A82A36B6388B,C9C41DD6A33AAE1C3E930727,46F902A3D3D8866A0F3315C8,949F2899EEA489F989DAB620,ACA2E2EB2FCB88F8E8E13082,F0B60B6C056D54555A03101F,BA017EE97192D1E07EBA155A,B8909F83A016C84C6267E4AC,D54EF57C7A38E5E49786F4C1,B981408A4B808CE65F781245,B02C9BF180D202404A260D07,560BB196EFD6EBAFFF25D4C7,0D4F3CABEBC3997FDE8BB8BE,D6814A8C8640C46A3EF1552A,3AA55C0DDAF02D5CA18BC483,8C0D4521CD77BC1C99C9C15B,79134CEA0842B0B2D09DB583,5E748718FEFD102C97D630C3,7A5B7700E7DF76857DF0C066,0D18BC448A07D55B8758644B,965B7BFEB012DD917AE9A468,E287EBC08EFDDAA68E915CC3,C509F990671D24CF93E50155,F7E67C32AF66F8D77E6EB580,6591C3C7D813F39B05F4DBAD,32E8098FB73230FD325406E1,A3DAF361333BE55ADBB7AAD6,CA0C424455A01FB195B453F2,DE8F400AF458817AB6559701,84B09547160245AFB8920D7B,51EB347412577FEE90CFEDC6,445B45A99AC7FE6A253CB56F); runOnlyForDeploymentPostprocessing = 0;};
23F7CFFBAEE3ABCEA767C52B = {isa = PBXResourcesBuildPhase; buildActionMask = 2147483647; files = (CDBCE86B522ED9C975636B2E,513D74330E7C599EB7391F05,DF6A302D0BD7E508464E6F04,5073A7CA11BFCD69ED56AC5B,B28594ED25B811BAC2397D23,5C48A530293A22A9BC62FE4D,F40BD85D5CEA6F71727BADFD,F0AA1DB72BC7E8BD25D8362F,66E74E17AFCFF80C586BF05A,E1DE1E468B841F5DF1E06DD1,0E4F9D2AC1D6520FB7C3DF9B,0A2E80F4A91C044103EDEBD2); runOnlyForDeploymentPostprocessing = 0;};
D94305625B5A2CD31A305E3E = {isa = PBXFrameworksBuildPhase; buildActionMask = 2147483647; files = (FAA5716510AAFFBDF1C774E0,03671EB23DBC91596DA2614A,104D39A3AD5723B8125CE272,B95C06FFF0869EE608D47EDE,EE5C659213577BC20A0657F9); runOnlyForDeploymentPostprocessing = 0;};
17D0029F9088CEF72DC18D01 = {isa = PBXShellScriptBuildPhase; buildActionMask = 2147483647; alwaysOutOfDate = 1; files = (); inputPaths = ("$(SRCROOT)/scripts/normalize-ort-framework.sh","$(TARGET_BUILD_DIR)/$(FRAMEWORKS_FOLDER_PATH)/onnxruntime.framework/Info.plist","$(TARGET_BUILD_DIR)/$(FRAMEWORKS_FOLDER_PATH)/onnxruntime.framework/onnxruntime","$(TARGET_BUILD_DIR)/$(FRAMEWORKS_FOLDER_PATH)/onnxruntime.framework/_CodeSignature"); outputPaths = ("$(DERIVED_FILE_DIR)/fotoro-ort-framework-normalized.stamp"); name = "Normalize ONNX Runtime deployment metadata"; shellPath = /bin/sh; shellScript = "exec /bin/sh \"$SRCROOT/scripts/normalize-ort-framework.sh\""; runOnlyForDeploymentPostprocessing = 1;};
ABE8002F6EF24FD1AB0829CC = {isa = XCBuildConfiguration; name = Debug; buildSettings = {SDKROOT = iphoneos; IPHONEOS_DEPLOYMENT_TARGET = 26.0; SWIFT_VERSION = 5.0; TARGETED_DEVICE_FAMILY = "1,2"; GENERATE_INFOPLIST_FILE = YES; CODE_SIGN_STYLE = Automatic; PRODUCT_NAME = "$(TARGET_NAME)"; PRODUCT_BUNDLE_IDENTIFIER = cloud.fotoro.Fotoro; MARKETING_VERSION = 0.1.0; CURRENT_PROJECT_VERSION = 40; ASSETCATALOG_COMPILER_APPICON_NAME = AppIcon; ENABLE_TESTABILITY = YES; ONLY_ACTIVE_ARCH = YES; SWIFT_OPTIMIZATION_LEVEL = "-Onone"; SWIFT_ACTIVE_COMPILATION_CONDITIONS = "DEBUG"; INFOPLIST_KEY_NSPhotoLibraryUsageDescription = "Browse your photos and share selected originals."; INFOPLIST_FILE = Fotoro/Info.plist; INFOPLIST_KEY_UILaunchScreen_Generation = YES; CODE_SIGN_ENTITLEMENTS = Fotoro/Fotoro.entitlements; FOTORO_BUILD_MODE = encrypted; INFOPLIST_KEY_NSPhotoLibraryAddUsageDescription = "Save your verified originals back to Photos."; };};
7D71F6DEFE5ED52A0DFA1083 = {isa = XCBuildConfiguration; name = Release; buildSettings = {SDKROOT = iphoneos; IPHONEOS_DEPLOYMENT_TARGET = 26.0; SWIFT_VERSION = 5.0; TARGETED_DEVICE_FAMILY = "1,2"; GENERATE_INFOPLIST_FILE = YES; CODE_SIGN_STYLE = Automatic; PRODUCT_NAME = "$(TARGET_NAME)"; PRODUCT_BUNDLE_IDENTIFIER = cloud.fotoro.Fotoro; MARKETING_VERSION = 0.1.0; CURRENT_PROJECT_VERSION = 40; ASSETCATALOG_COMPILER_APPICON_NAME = AppIcon; INFOPLIST_KEY_NSPhotoLibraryUsageDescription = "Browse your photos and share selected originals."; INFOPLIST_FILE = Fotoro/Info.plist; INFOPLIST_KEY_UILaunchScreen_Generation = YES; CODE_SIGN_ENTITLEMENTS = Fotoro/Fotoro.entitlements; FOTORO_BUILD_MODE = encrypted; INFOPLIST_KEY_NSPhotoLibraryAddUsageDescription = "Save your verified originals back to Photos."; };};
996C458618E438956845787D = {isa = XCConfigurationList; buildConfigurations = (ABE8002F6EF24FD1AB0829CC,7D71F6DEFE5ED52A0DFA1083); defaultConfigurationIsVisible = 0; defaultConfigurationName = Release;};
975049B71593492F1A3E9F62 = {isa = PBXNativeTarget; buildConfigurationList = 996C458618E438956845787D; buildPhases = (A047CCCB3AC39017E8B1FAFC,23F7CFFBAEE3ABCEA767C52B,D94305625B5A2CD31A305E3E,17D0029F9088CEF72DC18D01); buildRules = (); dependencies = (); name = Fotoro; productName = Fotoro; productReference = 712039F6A266B0E1BD3FD639; productType = "com.apple.product-type.application"; packageProductDependencies = (35BA06C597E108713A55D3C3,DA7FCAD0209B790FD7DC0CD3,7BC5197D36984F29C1E625AC,9449C18C9520A9155BE216B4,E108A4021BC202377E23F9FF);};
67569DF0ADC8F308A636DE40 = {isa = PBXFileReference; explicitFileType = wrapper.cfbundle; path = FotoroTests.xctest; sourceTree = BUILT_PRODUCTS_DIR;};
07AFA4A224CDAB3E4C337D68 = {isa = PBXSourcesBuildPhase; buildActionMask = 2147483647; files = (6C4DCC2321C36C581B592886,3FAA51D3833093496934CB14,19E2FDCC10DAE00FA9F46A98,22C341E7024D47840DA59E41,CF39D6CB03998EC82E01DA2E,124C871D34B25F5587A80BCE,B702FB89D10277AA827D460D,086B77C9A92B2BB85147980A,2FDB40CFAB6E35F8AA02B18C,E6056228E128DEC363D1B181,7F07AA8C4C1E8551954BB0A0,52365776882A9FF5F3C1A2F1,F57D6DD7D7B4756D3E8DD853,51B36BDA026BC69922E7F0AB,0FD39F25D2611A25E0D69782,7BF1BB813F2B6D4E614F2CE0,65DBEBA35F3AEB069E152C1A,E9C0C452C04E8D2B0A5B877B,55431FD5C5A281FF950EC5D4,A5328239F7E3881EDC63D159,CC5CE8479E27FEE1AAD2F4FA,FAA3E1AB376845E3CC59D31F,B3FE1D6CB4EE1BAC51539426,656064C9E30ABC3CCCDCCBBC,0AB28BF19BF656E8DD859217,B5C1DB65B1004708593ACEC1,BB9D217418901F143AB704D3,7D74EFAA5430C466645EB37E,B1D58B3CCDE552A88C3E3128,073BA230E5B234BE8F984D60,844E419010A8A71404710978); runOnlyForDeploymentPostprocessing = 0;};
A9BE3B11E2543E25A2CA6F83 = {isa = PBXResourcesBuildPhase; buildActionMask = 2147483647; files = (3919C6CB350AB83125F5A3C3,0CC06D81EE354FA728171B11,F2E5F97CA4EB91FD036920BF,B784514BEA7E4C42B4588BC0,8B0B8619AD6DC5EA3BC7CDC4,C2A0A29562C273802F4B1CEF,178CFA67526A9AB90158E61D,D2ED44F20F3D3F67227DB3EF,5C13C1FE854E3986D51C7A26,6D099B6747B5E11BF0565234,C4949561ECA4B0373F97A52F); runOnlyForDeploymentPostprocessing = 0;};
EF739ED295A1F2F0A8BF6DCB = {isa = PBXFrameworksBuildPhase; buildActionMask = 2147483647; files = (); runOnlyForDeploymentPostprocessing = 0;};
96DDA8027BEA7EF3109C1C9E = {isa = XCBuildConfiguration; name = Debug; buildSettings = {SDKROOT = iphoneos; IPHONEOS_DEPLOYMENT_TARGET = 26.0; SWIFT_VERSION = 5.0; TARGETED_DEVICE_FAMILY = "1,2"; GENERATE_INFOPLIST_FILE = YES; CODE_SIGN_STYLE = Automatic; PRODUCT_NAME = "$(TARGET_NAME)"; PRODUCT_BUNDLE_IDENTIFIER = cloud.fotoro.FotoroTests; MARKETING_VERSION = 0.1.0; CURRENT_PROJECT_VERSION = 40; ENABLE_TESTABILITY = YES; ONLY_ACTIVE_ARCH = YES; SWIFT_OPTIMIZATION_LEVEL = "-Onone"; SWIFT_ACTIVE_COMPILATION_CONDITIONS = "DEBUG"; TEST_HOST = "$(BUILT_PRODUCTS_DIR)/Fotoro.app/$(BUNDLE_EXECUTABLE_FOLDER_PATH)/Fotoro"; BUNDLE_LOADER = "$(TEST_HOST)"; };};
75A7FECDFB644833E76AB47D = {isa = XCBuildConfiguration; name = Release; buildSettings = {SDKROOT = iphoneos; IPHONEOS_DEPLOYMENT_TARGET = 26.0; SWIFT_VERSION = 5.0; TARGETED_DEVICE_FAMILY = "1,2"; GENERATE_INFOPLIST_FILE = YES; CODE_SIGN_STYLE = Automatic; PRODUCT_NAME = "$(TARGET_NAME)"; PRODUCT_BUNDLE_IDENTIFIER = cloud.fotoro.FotoroTests; MARKETING_VERSION = 0.1.0; CURRENT_PROJECT_VERSION = 40; TEST_HOST = "$(BUILT_PRODUCTS_DIR)/Fotoro.app/$(BUNDLE_EXECUTABLE_FOLDER_PATH)/Fotoro"; BUNDLE_LOADER = "$(TEST_HOST)"; };};
9D62972310D5281ADFD9ED62 = {isa = XCConfigurationList; buildConfigurations = (96DDA8027BEA7EF3109C1C9E,75A7FECDFB644833E76AB47D); defaultConfigurationIsVisible = 0; defaultConfigurationName = Release;};
D799BAE6088A90139B415FCC = {isa = PBXContainerItemProxy; containerPortal = 98F54143AB4E86B28C3AFEE0; proxyType = 1; remoteGlobalIDString = 975049B71593492F1A3E9F62; remoteInfo = Fotoro;};
DE58E2B17C19600779694943 = {isa = PBXTargetDependency; target = 975049B71593492F1A3E9F62; targetProxy = D799BAE6088A90139B415FCC;};
EB0F252B356BD7FA744A0765 = {isa = PBXNativeTarget; buildConfigurationList = 9D62972310D5281ADFD9ED62; buildPhases = (07AFA4A224CDAB3E4C337D68,A9BE3B11E2543E25A2CA6F83,EF739ED295A1F2F0A8BF6DCB); buildRules = (); dependencies = (DE58E2B17C19600779694943); name = FotoroTests; productName = FotoroTests; productReference = 67569DF0ADC8F308A636DE40; productType = "com.apple.product-type.bundle.unit-test"; packageProductDependencies = ();};
7928A43BA780722DE6705E03 = {isa = PBXFileReference; explicitFileType = wrapper.application; path = FotoroLocalPreview.app; sourceTree = BUILT_PRODUCTS_DIR;};
F949AA1B71F3E46756CF634F = {isa = PBXSourcesBuildPhase; buildActionMask = 2147483647; files = (149F2B477E2DCC6A3D5388FC,DD8E2926770AD7E46EBADFD7,468DA0C795942DD0E5C60228,5F6A6099665CC29A68EF94F3,8218EC896AB16C103A6A8611,69257FD1F20E35DC0AFE91E0,BBF60FD75AA7B425F6293479,496822AD58129DA105FC1A7F,E423C48CD4EFC427D33B6463,97601D01BCE5F723EB82AF55,6515C8AA038610400F0BCDF9,8804276E907FE8BC1A8C7B34,F52EDF126AFFC90451886F96,C147FFB29444031B6E6AABE8,1F9E558E501F2E5F7969A50F,05AC41D06F8CA746DB94B026,F1DA511BFCD62E9588D00892,D50D0C468CA3F8CC15A075E6); runOnlyForDeploymentPostprocessing = 0;};
AB2AB3070DF035268806BF95 = {isa = PBXResourcesBuildPhase; buildActionMask = 2147483647; files = (EB10EA1A7B1B42A3CFED2F11,B7D92E0C7A4622A0888FD5A2); runOnlyForDeploymentPostprocessing = 0;};
89C9289301FB734C55452341 = {isa = PBXFrameworksBuildPhase; buildActionMask = 2147483647; files = (764CF72651A8828EA23BDB0D); runOnlyForDeploymentPostprocessing = 0;};
4E40846AE41A326D66CADD5A = {isa = XCBuildConfiguration; name = Debug; buildSettings = {SDKROOT = iphoneos; IPHONEOS_DEPLOYMENT_TARGET = 26.0; SWIFT_VERSION = 5.0; TARGETED_DEVICE_FAMILY = "1,2"; GENERATE_INFOPLIST_FILE = YES; CODE_SIGN_STYLE = Automatic; PRODUCT_NAME = "$(TARGET_NAME)"; PRODUCT_BUNDLE_IDENTIFIER = cloud.fotoro.Fotoro; MARKETING_VERSION = 0.1.0; CURRENT_PROJECT_VERSION = 40; ASSETCATALOG_COMPILER_APPICON_NAME = AppIcon; ENABLE_TESTABILITY = YES; ONLY_ACTIVE_ARCH = YES; SWIFT_OPTIMIZATION_LEVEL = "-Onone"; SWIFT_ACTIVE_COMPILATION_CONDITIONS = "DEBUG FOTORO_LOCAL_PREVIEW"; INFOPLIST_KEY_NSPhotoLibraryUsageDescription = "Browse your photos and share selected originals."; INFOPLIST_FILE = Fotoro/Info.plist; INFOPLIST_KEY_UILaunchScreen_Generation = YES; PRODUCT_MODULE_NAME = Fotoro; INFOPLIST_KEY_CFBundleDisplayName = Fotoro; FOTORO_BUILD_MODE = "local-preview"; INFOPLIST_KEY_ITSAppUsesNonExemptEncryption = NO; };};
DD51D4927D8BAE82E2DB3889 = {isa = XCBuildConfiguration; name = Release; buildSettings = {SDKROOT = iphoneos; IPHONEOS_DEPLOYMENT_TARGET = 26.0; SWIFT_VERSION = 5.0; TARGETED_DEVICE_FAMILY = "1,2"; GENERATE_INFOPLIST_FILE = YES; CODE_SIGN_STYLE = Automatic; PRODUCT_NAME = "$(TARGET_NAME)"; PRODUCT_BUNDLE_IDENTIFIER = cloud.fotoro.Fotoro; MARKETING_VERSION = 0.1.0; CURRENT_PROJECT_VERSION = 40; ASSETCATALOG_COMPILER_APPICON_NAME = AppIcon; SWIFT_ACTIVE_COMPILATION_CONDITIONS = "FOTORO_LOCAL_PREVIEW"; INFOPLIST_KEY_NSPhotoLibraryUsageDescription = "Browse your photos and share selected originals."; INFOPLIST_FILE = Fotoro/Info.plist; INFOPLIST_KEY_UILaunchScreen_Generation = YES; PRODUCT_MODULE_NAME = Fotoro; INFOPLIST_KEY_CFBundleDisplayName = Fotoro; FOTORO_BUILD_MODE = "local-preview"; INFOPLIST_KEY_ITSAppUsesNonExemptEncryption = NO; };};
71B3EF92E4E10D90BEAE91A5 = {isa = XCConfigurationList; buildConfigurations = (4E40846AE41A326D66CADD5A,DD51D4927D8BAE82E2DB3889); defaultConfigurationIsVisible = 0; defaultConfigurationName = Release;};
418D58597FDB4D51BEEC2549 = {isa = PBXNativeTarget; buildConfigurationList = 71B3EF92E4E10D90BEAE91A5; buildPhases = (F949AA1B71F3E46756CF634F,AB2AB3070DF035268806BF95,89C9289301FB734C55452341); buildRules = (); dependencies = (); name = FotoroLocalPreview; productName = FotoroLocalPreview; productReference = 7928A43BA780722DE6705E03; productType = "com.apple.product-type.application"; packageProductDependencies = (DA7FCAD0209B790FD7DC0CD3);};
D7EE5902469476204080DF66 = {isa = PBXFileReference; explicitFileType = wrapper.cfbundle; path = FotoroLocalPreviewTests.xctest; sourceTree = BUILT_PRODUCTS_DIR;};
ADA6A2D15C6A589B506061A3 = {isa = PBXSourcesBuildPhase; buildActionMask = 2147483647; files = (FAB9121554E4702F01900517,B9003955A9C422A96724AFCA,4E584884A46B951B7A7E0DF0,A214E21C9E815F510678AA38,37B4508B554A7F052B3F9868,6B07104484389B9FEDBFD693,63A6BAD4013AE923C7662F98,1235F755B118E2D53E9145D9,F9048B48E6F0F40A0BFCAF16,CEFAD6C3BE33085ACBA11F96,B1F81C60DADB3406412271E5,1FDAA708F3CA34E7C6FA32D5,4C9A85F712B89F2409280652,D88AC6236F22E03C6BF13A7E); runOnlyForDeploymentPostprocessing = 0;};
1CF8AB11495AF045DA7C57D7 = {isa = PBXResourcesBuildPhase; buildActionMask = 2147483647; files = (D74BD59A28254FBF20FEB5EA,CE8B6E07D64D26BA0FD41B2C,894B7EF99097027AC1CFF6F9); runOnlyForDeploymentPostprocessing = 0;};
2C92F5AFC0FC5D06D30F7AA8 = {isa = PBXFrameworksBuildPhase; buildActionMask = 2147483647; files = (); runOnlyForDeploymentPostprocessing = 0;};
41696601FF4FC0D3EB83C0EE = {isa = XCBuildConfiguration; name = Debug; buildSettings = {SDKROOT = iphoneos; IPHONEOS_DEPLOYMENT_TARGET = 26.0; SWIFT_VERSION = 5.0; TARGETED_DEVICE_FAMILY = "1,2"; GENERATE_INFOPLIST_FILE = YES; CODE_SIGN_STYLE = Automatic; PRODUCT_NAME = "$(TARGET_NAME)"; PRODUCT_BUNDLE_IDENTIFIER = cloud.fotoro.FotoroLocalPreviewTests; MARKETING_VERSION = 0.1.0; CURRENT_PROJECT_VERSION = 40; ENABLE_TESTABILITY = YES; ONLY_ACTIVE_ARCH = YES; SWIFT_OPTIMIZATION_LEVEL = "-Onone"; SWIFT_ACTIVE_COMPILATION_CONDITIONS = "DEBUG FOTORO_LOCAL_PREVIEW"; TEST_HOST = "$(BUILT_PRODUCTS_DIR)/FotoroLocalPreview.app/$(BUNDLE_EXECUTABLE_FOLDER_PATH)/FotoroLocalPreview"; BUNDLE_LOADER = "$(TEST_HOST)"; };};
ABE758910DFFEAE5D4CCE53A = {isa = XCBuildConfiguration; name = Release; buildSettings = {SDKROOT = iphoneos; IPHONEOS_DEPLOYMENT_TARGET = 26.0; SWIFT_VERSION = 5.0; TARGETED_DEVICE_FAMILY = "1,2"; GENERATE_INFOPLIST_FILE = YES; CODE_SIGN_STYLE = Automatic; PRODUCT_NAME = "$(TARGET_NAME)"; PRODUCT_BUNDLE_IDENTIFIER = cloud.fotoro.FotoroLocalPreviewTests; MARKETING_VERSION = 0.1.0; CURRENT_PROJECT_VERSION = 40; SWIFT_ACTIVE_COMPILATION_CONDITIONS = "FOTORO_LOCAL_PREVIEW"; TEST_HOST = "$(BUILT_PRODUCTS_DIR)/FotoroLocalPreview.app/$(BUNDLE_EXECUTABLE_FOLDER_PATH)/FotoroLocalPreview"; BUNDLE_LOADER = "$(TEST_HOST)"; };};
B5F38AE1CE22D38253BB7540 = {isa = XCConfigurationList; buildConfigurations = (41696601FF4FC0D3EB83C0EE,ABE758910DFFEAE5D4CCE53A); defaultConfigurationIsVisible = 0; defaultConfigurationName = Release;};
1FDD094E065B8BE3A8D0E57A = {isa = PBXContainerItemProxy; containerPortal = 98F54143AB4E86B28C3AFEE0; proxyType = 1; remoteGlobalIDString = 418D58597FDB4D51BEEC2549; remoteInfo = FotoroLocalPreview;};
2B3147C7D066D847D5DC7533 = {isa = PBXTargetDependency; target = 418D58597FDB4D51BEEC2549; targetProxy = 1FDD094E065B8BE3A8D0E57A;};
50C591DA086D5B777DFB429A = {isa = PBXNativeTarget; buildConfigurationList = B5F38AE1CE22D38253BB7540; buildPhases = (ADA6A2D15C6A589B506061A3,1CF8AB11495AF045DA7C57D7,2C92F5AFC0FC5D06D30F7AA8); buildRules = (); dependencies = (2B3147C7D066D847D5DC7533); name = FotoroLocalPreviewTests; productName = FotoroLocalPreviewTests; productReference = D7EE5902469476204080DF66; productType = "com.apple.product-type.bundle.unit-test"; packageProductDependencies = ();};
FBDC4F23F93125BBEEAE800C = {isa = PBXGroup; children = (712039F6A266B0E1BD3FD639,67569DF0ADC8F308A636DE40,7928A43BA780722DE6705E03,D7EE5902469476204080DF66); name = Products; sourceTree = "<group>";};
64292B1C2B2E13EAD8788FC8 = {isa = PBXGroup; children = (9019E03A9516360B00A9DBDC,F91D2E68EF1CA411F3C50AFB,62752888FC6F5F82B65984EB,7DB9AA7A3109E2FA3A910428,F06F34B333C9CFCCA7139ADF,8C2FDF9B162BDC9982140369,54957DEADA933AEA898C7A89,7E423DEACDBD5431C6E8C4CD,56EC53DA4F76D233B2ED8EC7,7F0B2B177850F094B33FAEDA,3881CDA9089BAEBBB5AB1243,CB2576215CFA57D01BEDC7B1,244A786CFC979373634156DB,B8E9D2DAA7582F6FC5D4C8A0,791E742F5F3C40770D326F99,AB1E79B40133FE341CB2491E,EF1B5ED475F9D59A355EFA13,D8B3C0C68F77BBA1152780F4,16586D8D848D17593B76F941,86BC15BA691CD1282B2B1D79,0CA041847F8AC39516377BFD,1D687116BDE12DB1CAFCA864,84EC104185D3790DD3012B0E,01557BC7B3EEAA0141905D10,3D2E98F48137DA0C4E435AC7,974F8E5223756ECF70DC0AAE,E8F613E1A11C818647BFCFF0,1DEFAC97493B9B76D1C49EB3,2A0E629B4947C4C150945AEA,F6739F2FC6BEFE5BF80ABCF3,F4B85A625F764EB8B3B4BB32,1AB11090110E19CB7928E0DA,1A38B312926FDCBA0E715C84,4ACE6EF5DE988F0ACFB9AA24,899CECB8E518B7FB331E2A49,2D1C4B657E0C287F52F7B66F,B2D96B28D6B3CD66133D2B96,F0EC7E5ACA48D0E2FF706F6C,FCDBB062C8529C4EE4F017EB,E1890F72F3C2308D2DFCE637,F24C4E607CFB959781B0E568,A588C360258FE3618C78E2E4,35A1C3F0FA0C7021439C69A2,DC91BE577272F6ECEC04F472,F644429226F99AD103A49D36,30D8B65A40E0C6F613DCBB1C,9F7D264E140BD71919B5D773,8EDC468E577072C20C6C9CCF,20C96A8055A3F7C19C9E7DA1,F2E901F91E0397C1A1E1C45E,E6456660B176EEBE0E8BA02C,7A14E3BCA69605502DD5C1E2,4527F6AFB9EBEDB956A59215,A99C9032CD29CFBB3DDC6DBB,CCB40A8FD27FB49DF9CA0C6C,2DAA44E924F15DF1A2BFDC23,962E6EA50CB72DBF9425B47E,CE82D415120F18C6588651A0,48840B0AB0B96069F845043A,98847A5D27B5F521D56945F5,5D63C24159BEF29FDB54E5F4,DF84D9727B0D51F1C4B83A97,C2FF36AB5C2C5935EEE7F98E,BF3D485459C2337886EBE11C,B0BF73A3B6F873049A00ABA0,7517313B7B42E2660286116F,9A6E21AACC45A6135E07985C,AE3B59E832E74F9D81102349,6880B34792A04FB38E10B5D3,89279460120A351F6FFB60C2,6F432EBEE5E968928F56831E,815CC81F984726D06B0E68D1,126FEB74C952CC03BBB01874,2EA670A1FD648CE632543C24,9065FAA0C3A9BCD4C2EAF9C7,788B4E0ED7937CBECCEBFDDC,C5A1A9853998CDB07572187A,EB5B33A84A106088F034FB81,32B5764B4A4786C682BF2547,C6EE632984D7A0697A633AF7,72EE2244D62335F1B5302F12,B2CCD3AE89A9A05426BA7A06,8CC4474C5862B3D0D67C1743,51D34418F3C80C512CB7C9EB,A4744ABAAC71A9BE074509B5,797440CD9D37E74E34ED38D7,00527B0E073F3F9DC5F532E6,8FD2B668FEC06C4FB18BDCC0,A89399CAD4D30E3DD0E75B8F,69E2B565E179BD6EEC62C424,8E9023F02EC23F5628A99CFD,FE352D8A5D53C4DCD58ADFC3,8654273042A904FAF40272F4,40783BB1F1AF4ED051960CDF,7B2663FD507561D7E10835AB,C6C42B6EE06974054BD81685,DF96E9BF0CAC5B53D1E3F330,00249C08AF001F8370F276A7,B889C1BCA8E0D1639383D016,EC3366662883C77DC746F878,97A3B1A3B88081D3FE8681A1,B191AE195B1EB7D8E86EB0A9,F4B5A72FB93CE48697A4DB6F,1CDAD821DE60EEC74AB0CC38,578B523A1191EBE235636B95,2E901F3560F2371D4A9DEFFC,5A8BF9820DC5B0CFDB30C01E,8A6FE27186EE5B3621FCE7B2,FBDC4F23F93125BBEEAE800C); sourceTree = "<group>";};
89E1FD6268CC0F221A2BE178 = {isa = XCBuildConfiguration; name = Debug; buildSettings = {CLANG_ENABLE_MODULES = YES;};};
E6DE6C99132752C914FEF632 = {isa = XCBuildConfiguration; name = Release; buildSettings = {CLANG_ENABLE_MODULES = YES;};};
862894B703A6DEDF96A9DD6C = {isa = XCConfigurationList; buildConfigurations = (89E1FD6268CC0F221A2BE178,E6DE6C99132752C914FEF632); defaultConfigurationIsVisible = 0; defaultConfigurationName = Release;};
98F54143AB4E86B28C3AFEE0 = {isa = PBXProject; attributes = {LastUpgradeCheck = 2700;}; buildConfigurationList = 862894B703A6DEDF96A9DD6C; compatibilityVersion = "Xcode 15.0"; developmentRegion = en; hasScannedForEncodings = 0; knownRegions = (en,Base); mainGroup = 64292B1C2B2E13EAD8788FC8; productRefGroup = FBDC4F23F93125BBEEAE800C; projectDirPath = ""; projectRoot = ""; targets = (975049B71593492F1A3E9F62,EB0F252B356BD7FA744A0765,418D58597FDB4D51BEEC2549,50C591DA086D5B777DFB429A); packageReferences = (648E93507F325954693780B9,359CC0A73284DA84AE3CE11F,E29CEC1EE32E9DE5220E6389,F79E1F40615E2294C244561C);};
}; rootObject = 98F54143AB4E86B28C3AFEE0;}