// !$*UTF8*$!
{archiveVersion = 1; classes = {}; objectVersion = 60; objects = {
7DB9AA7A3109E2FA3A910428 = {isa = PBXFileReference; lastKnownFileType = sourcecode.swift; path = "Fotoro/AppServices.swift"; sourceTree = SOURCE_ROOT;};
578E109FD93DA5B1EB16AB4F = {isa = PBXBuildFile; fileRef = 7DB9AA7A3109E2FA3A910428;};
F06F34B333C9CFCCA7139ADF = {isa = PBXFileReference; lastKnownFileType = sourcecode.swift; path = "Fotoro/Exchange/APIClient.swift"; sourceTree = SOURCE_ROOT;};
B8687144E563F98C8312BB12 = {isa = PBXBuildFile; fileRef = F06F34B333C9CFCCA7139ADF;};
7E423DEACDBD5431C6E8C4CD = {isa = PBXFileReference; lastKnownFileType = sourcecode.swift; path = "Fotoro/Exchange/ExchangeView.swift"; sourceTree = SOURCE_ROOT;};
A80ABAAC26A13401921601A3 = {isa = PBXBuildFile; fileRef = 7E423DEACDBD5431C6E8C4CD;};
3881CDA9089BAEBBB5AB1243 = {isa = PBXFileReference; lastKnownFileType = sourcecode.swift; path = "Fotoro/Exchange/TransferJournal.swift"; sourceTree = SOURCE_ROOT;};
5C583966CC9FC0F7FD4DE262 = {isa = PBXBuildFile; fileRef = 3881CDA9089BAEBBB5AB1243;};
CB2576215CFA57D01BEDC7B1 = {isa = PBXFileReference; lastKnownFileType = sourcecode.swift; path = "Fotoro/FotoroApp.swift"; sourceTree = SOURCE_ROOT;};
6A36634DC8419F2429EF4130 = {isa = PBXBuildFile; fileRef = CB2576215CFA57D01BEDC7B1;};
EF1B5ED475F9D59A355EFA13 = {isa = PBXFileReference; lastKnownFileType = sourcecode.swift; path = "Fotoro/Library/LibraryStore.swift"; sourceTree = SOURCE_ROOT;};
D0A68DF6D2FC571D7CB4E04B = {isa = PBXBuildFile; fileRef = EF1B5ED475F9D59A355EFA13;};
D8B3C0C68F77BBA1152780F4 = {isa = PBXFileReference; lastKnownFileType = sourcecode.swift; path = "Fotoro/Library/LibraryView.swift"; sourceTree = SOURCE_ROOT;};
2B6BAD78478D6FB8C55A3038 = {isa = PBXBuildFile; fileRef = D8B3C0C68F77BBA1152780F4;};
0CA041847F8AC39516377BFD = {isa = PBXFileReference; lastKnownFileType = sourcecode.swift; path = "Fotoro/Library/PhotoImport.swift"; sourceTree = SOURCE_ROOT;};
D194A54B78B96B5888035B1C = {isa = PBXBuildFile; fileRef = 0CA041847F8AC39516377BFD;};
E8F613E1A11C818647BFCFF0 = {isa = PBXFileReference; lastKnownFileType = sourcecode.swift; path = "Fotoro/Library/PhotoViewer.swift"; sourceTree = SOURCE_ROOT;};
ACA2E2EB2FCB88F8E8E13082 = {isa = PBXBuildFile; fileRef = E8F613E1A11C818647BFCFF0;};
F6739F2FC6BEFE5BF80ABCF3 = {isa = PBXFileReference; lastKnownFileType = sourcecode.swift; path = "Fotoro/Library/RecentPhotosStore.swift"; sourceTree = SOURCE_ROOT;};
B8909F83A016C84C6267E4AC = {isa = PBXBuildFile; fileRef = F6739F2FC6BEFE5BF80ABCF3;};
F4B85A625F764EB8B3B4BB32 = {isa = PBXFileReference; lastKnownFileType = sourcecode.swift; path = "Fotoro/Library/RecentPhotosView.swift"; sourceTree = SOURCE_ROOT;};
D54EF57C7A38E5E49786F4C1 = {isa = PBXBuildFile; fileRef = F4B85A625F764EB8B3B4BB32;};
F644429226F99AD103A49D36 = {isa = PBXFileReference; lastKnownFileType = image.jpeg; path = "Fotoro/Resources/singapore.jpg"; sourceTree = SOURCE_ROOT;};
F0AA1DB72BC7E8BD25D8362F = {isa = PBXBuildFile; fileRef = F644429226F99AD103A49D36;};
98847A5D27B5F521D56945F5 = {isa = PBXFileReference; lastKnownFileType = sourcecode.swift; path = "Fotoro/Vault/AccountSession.swift"; sourceTree = SOURCE_ROOT;};
32E8098FB73230FD325406E1 = {isa = PBXBuildFile; fileRef = 98847A5D27B5F521D56945F5;};
5D63C24159BEF29FDB54E5F4 = {isa = PBXFileReference; lastKnownFileType = sourcecode.swift; path = "Fotoro/Vault/AccountView.swift"; sourceTree = SOURCE_ROOT;};
A3DAF361333BE55ADBB7AAD6 = {isa = PBXBuildFile; fileRef = 5D63C24159BEF29FDB54E5F4;};
DF84D9727B0D51F1C4B83A97 = {isa = PBXFileReference; lastKnownFileType = sourcecode.swift; path = "Fotoro/Vault/CryptoAdapter.swift"; sourceTree = SOURCE_ROOT;};
CA0C424455A01FB195B453F2 = {isa = PBXBuildFile; fileRef = DF84D9727B0D51F1C4B83A97;};
C2FF36AB5C2C5935EEE7F98E = {isa = PBXFileReference; lastKnownFileType = sourcecode.swift; path = "Fotoro/Vault/DeviceTrust.swift"; sourceTree = SOURCE_ROOT;};
DE8F400AF458817AB6559701 = {isa = PBXBuildFile; fileRef = C2FF36AB5C2C5935EEE7F98E;};
BF3D485459C2337886EBE11C = {isa = PBXFileReference; lastKnownFileType = sourcecode.swift; path = "Fotoro/Vault/NativeAuth.swift"; sourceTree = SOURCE_ROOT;};
84B09547160245AFB8920D7B = {isa = PBXBuildFile; fileRef = BF3D485459C2337886EBE11C;};
B0BF73A3B6F873049A00ABA0 = {isa = PBXFileReference; lastKnownFileType = sourcecode.swift; path = "Fotoro/Vault/VaultStore.swift"; sourceTree = SOURCE_ROOT;};
51EB347412577FEE90CFEDC6 = {isa = PBXBuildFile; fileRef = B0BF73A3B6F873049A00ABA0;};
7517313B7B42E2660286116F = {isa = PBXFileReference; lastKnownFileType = sourcecode.swift; path = "Fotoro/WireModels.swift"; sourceTree = SOURCE_ROOT;};
445B45A99AC7FE6A253CB56F = {isa = PBXBuildFile; fileRef = 7517313B7B42E2660286116F;};
126FEB74C952CC03BBB01874 = {isa = PBXFileReference; lastKnownFileType = sourcecode.swift; path = "FotoroTests/CryptoVectorTests.swift"; sourceTree = SOURCE_ROOT;};
B702FB89D10277AA827D460D = {isa = PBXBuildFile; fileRef = 126FEB74C952CC03BBB01874;};
2EA670A1FD648CE632543C24 = {isa = PBXFileReference; lastKnownFileType = sourcecode.swift; path = "FotoroTests/ExchangeTests.swift"; sourceTree = SOURCE_ROOT;};
086B77C9A92B2BB85147980A = {isa = PBXBuildFile; fileRef = 2EA670A1FD648CE632543C24;};
9065FAA0C3A9BCD4C2EAF9C7 = {isa = PBXFileReference; lastKnownFileType = sourcecode.swift; path = "FotoroTests/ImportTests.swift"; sourceTree = SOURCE_ROOT;};
2FDB40CFAB6E35F8AA02B18C = {isa = PBXBuildFile; fileRef = 9065FAA0C3A9BCD4C2EAF9C7;};
00527B0E073F3F9DC5F532E6 = {isa = PBXFileReference; lastKnownFileType = sourcecode.swift; path = "FotoroTests/RecentPhotosTests.swift"; sourceTree = SOURCE_ROOT;};
CC5CE8479E27FEE1AAD2F4FA = {isa = PBXBuildFile; fileRef = 00527B0E073F3F9DC5F532E6;};
8FD2B668FEC06C4FB18BDCC0 = {isa = PBXFileReference; lastKnownFileType = sourcecode.swift; path = "FotoroTests/RecoveryTests.swift"; sourceTree = SOURCE_ROOT;};
FAA3E1AB376845E3CC59D31F = {isa = PBXBuildFile; fileRef = 8FD2B668FEC06C4FB18BDCC0;};
C6C42B6EE06974054BD81685 = {isa = PBXFileReference; lastKnownFileType = sourcecode.swift; path = "FotoroTests/TransferTests.swift"; sourceTree = SOURCE_ROOT;};
073BA230E5B234BE8F984D60 = {isa = PBXBuildFile; fileRef = C6C42B6EE06974054BD81685;};
00249C08AF001F8370F276A7 = {isa = PBXFileReference; lastKnownFileType = text.json; path = "FotoroTests/accounts.json"; sourceTree = SOURCE_ROOT;};
3919C6CB350AB83125F5A3C3 = {isa = PBXBuildFile; fileRef = 00249C08AF001F8370F276A7;};
97A3B1A3B88081D3FE8681A1 = {isa = PBXFileReference; lastKnownFileType = text.json; path = "FotoroTests/crypto-v1.json"; sourceTree = SOURCE_ROOT;};
B784514BEA7E4C42B4588BC0 = {isa = PBXBuildFile; fileRef = 97A3B1A3B88081D3FE8681A1;};
648E93507F325954693780B9 = {isa = XCRemoteSwiftPackageReference; repositoryURL = "https://github.com/jedisct1/swift-sodium.git"; requirement = {kind = upToNextMajorVersion; minimumVersion = 0.9.1;};};
35BA06C597E108713A55D3C3 = {isa = XCSwiftPackageProductDependency; package = 648E93507F325954693780B9; productName = Sodium;};
359CC0A73284DA84AE3CE11F = {isa = XCRemoteSwiftPackageReference; repositoryURL = "https://github.com/groue/GRDB.swift.git"; requirement = {kind = upToNextMajorVersion; minimumVersion = 7.0.0;};};
DA7FCAD0209B790FD7DC0CD3 = {isa = XCSwiftPackageProductDependency; package = 359CC0A73284DA84AE3CE11F; productName = GRDB;};
E29CEC1EE32E9DE5220E6389 = {isa = XCRemoteSwiftPackageReference; repositoryURL = "https://github.com/kean/Nuke.git"; requirement = {kind = upToNextMajorVersion; minimumVersion = 12.8.0;};};
7BC5197D36984F29C1E625AC = {isa = XCSwiftPackageProductDependency; package = E29CEC1EE32E9DE5220E6389; productName = Nuke;};
9449C18C9520A9155BE216B4 = {isa = XCSwiftPackageProductDependency; package = E29CEC1EE32E9DE5220E6389; productName = NukeUI;};
FAA5716510AAFFBDF1C774E0 = {isa = PBXBuildFile; productRef = 35BA06C597E108713A55D3C3;};
03671EB23DBC91596DA2614A = {isa = PBXBuildFile; productRef = DA7FCAD0209B790FD7DC0CD3;};
104D39A3AD5723B8125CE272 = {isa = PBXBuildFile; productRef = 7BC5197D36984F29C1E625AC;};
B95C06FFF0869EE608D47EDE = {isa = PBXBuildFile; productRef = 9449C18C9520A9155BE216B4;};
712039F6A266B0E1BD3FD639 = {isa = PBXFileReference; explicitFileType = wrapper.application; path = Fotoro.app; sourceTree = BUILT_PRODUCTS_DIR;};
A047CCCB3AC39017E8B1FAFC = {isa = PBXSourcesBuildPhase; buildActionMask = 2147483647; files = (578E109FD93DA5B1EB16AB4F,B8687144E563F98C8312BB12,A80ABAAC26A13401921601A3,5C583966CC9FC0F7FD4DE262,6A36634DC8419F2429EF4130,D0A68DF6D2FC571D7CB4E04B,2B6BAD78478D6FB8C55A3038,D194A54B78B96B5888035B1C,ACA2E2EB2FCB88F8E8E13082,B8909F83A016C84C6267E4AC,D54EF57C7A38E5E49786F4C1,32E8098FB73230FD325406E1,A3DAF361333BE55ADBB7AAD6,CA0C424455A01FB195B453F2,DE8F400AF458817AB6559701,84B09547160245AFB8920D7B,51EB347412577FEE90CFEDC6,445B45A99AC7FE6A253CB56F); runOnlyForDeploymentPostprocessing = 0;};
23F7CFFBAEE3ABCEA767C52B = {isa = PBXResourcesBuildPhase; buildActionMask = 2147483647; files = (F0AA1DB72BC7E8BD25D8362F); runOnlyForDeploymentPostprocessing = 0;};
D94305625B5A2CD31A305E3E = {isa = PBXFrameworksBuildPhase; buildActionMask = 2147483647; files = (FAA5716510AAFFBDF1C774E0,03671EB23DBC91596DA2614A,104D39A3AD5723B8125CE272,B95C06FFF0869EE608D47EDE); runOnlyForDeploymentPostprocessing = 0;};
ABE8002F6EF24FD1AB0829CC = {isa = XCBuildConfiguration; name = Debug; buildSettings = {SDKROOT = iphoneos; IPHONEOS_DEPLOYMENT_TARGET = 26.0; SWIFT_VERSION = 5.0; TARGETED_DEVICE_FAMILY = "1,2"; GENERATE_INFOPLIST_FILE = YES; CODE_SIGN_STYLE = Automatic; PRODUCT_NAME = "$(TARGET_NAME)"; PRODUCT_BUNDLE_IDENTIFIER = cloud.fotoro.Fotoro; ENABLE_TESTABILITY = YES; ONLY_ACTIVE_ARCH = YES; SWIFT_ACTIVE_COMPILATION_CONDITIONS = DEBUG; SWIFT_OPTIMIZATION_LEVEL = "-Onone"; INFOPLIST_KEY_NSPhotoLibraryUsageDescription = "Browse your last 30 days of photos and share selected originals."; INFOPLIST_FILE = Fotoro/Info.plist; CODE_SIGN_ENTITLEMENTS = Fotoro/Fotoro.entitlements; INFOPLIST_KEY_UILaunchScreen_Generation = YES; };};
7D71F6DEFE5ED52A0DFA1083 = {isa = XCBuildConfiguration; name = Release; buildSettings = {SDKROOT = iphoneos; IPHONEOS_DEPLOYMENT_TARGET = 26.0; SWIFT_VERSION = 5.0; TARGETED_DEVICE_FAMILY = "1,2"; GENERATE_INFOPLIST_FILE = YES; CODE_SIGN_STYLE = Automatic; PRODUCT_NAME = "$(TARGET_NAME)"; PRODUCT_BUNDLE_IDENTIFIER = cloud.fotoro.Fotoro; INFOPLIST_KEY_NSPhotoLibraryUsageDescription = "Browse your last 30 days of photos and share selected originals."; INFOPLIST_FILE = Fotoro/Info.plist; CODE_SIGN_ENTITLEMENTS = Fotoro/Fotoro.entitlements; INFOPLIST_KEY_UILaunchScreen_Generation = YES; };};
996C458618E438956845787D = {isa = XCConfigurationList; buildConfigurations = (ABE8002F6EF24FD1AB0829CC,7D71F6DEFE5ED52A0DFA1083); defaultConfigurationIsVisible = 0; defaultConfigurationName = Release;};
975049B71593492F1A3E9F62 = {isa = PBXNativeTarget; buildConfigurationList = 996C458618E438956845787D; buildPhases = (A047CCCB3AC39017E8B1FAFC,23F7CFFBAEE3ABCEA767C52B,D94305625B5A2CD31A305E3E); buildRules = (); dependencies = (); name = Fotoro; productName = Fotoro; productReference = 712039F6A266B0E1BD3FD639; productType = "com.apple.product-type.application"; packageProductDependencies = (35BA06C597E108713A55D3C3,DA7FCAD0209B790FD7DC0CD3,7BC5197D36984F29C1E625AC,9449C18C9520A9155BE216B4);};
67569DF0ADC8F308A636DE40 = {isa = PBXFileReference; explicitFileType = wrapper.cfbundle; path = FotoroTests.xctest; sourceTree = BUILT_PRODUCTS_DIR;};
07AFA4A224CDAB3E4C337D68 = {isa = PBXSourcesBuildPhase; buildActionMask = 2147483647; files = (B702FB89D10277AA827D460D,086B77C9A92B2BB85147980A,2FDB40CFAB6E35F8AA02B18C,CC5CE8479E27FEE1AAD2F4FA,FAA3E1AB376845E3CC59D31F,073BA230E5B234BE8F984D60); runOnlyForDeploymentPostprocessing = 0;};
A9BE3B11E2543E25A2CA6F83 = {isa = PBXResourcesBuildPhase; buildActionMask = 2147483647; files = (3919C6CB350AB83125F5A3C3,B784514BEA7E4C42B4588BC0); runOnlyForDeploymentPostprocessing = 0;};
EF739ED295A1F2F0A8BF6DCB = {isa = PBXFrameworksBuildPhase; buildActionMask = 2147483647; files = (); runOnlyForDeploymentPostprocessing = 0;};
96DDA8027BEA7EF3109C1C9E = {isa = XCBuildConfiguration; name = Debug; buildSettings = {SDKROOT = iphoneos; IPHONEOS_DEPLOYMENT_TARGET = 26.0; SWIFT_VERSION = 5.0; TARGETED_DEVICE_FAMILY = "1,2"; GENERATE_INFOPLIST_FILE = YES; CODE_SIGN_STYLE = Automatic; PRODUCT_NAME = "$(TARGET_NAME)"; PRODUCT_BUNDLE_IDENTIFIER = cloud.fotoro.FotoroTests; ENABLE_TESTABILITY = YES; ONLY_ACTIVE_ARCH = YES; SWIFT_ACTIVE_COMPILATION_CONDITIONS = DEBUG; SWIFT_OPTIMIZATION_LEVEL = "-Onone"; TEST_HOST = "$(BUILT_PRODUCTS_DIR)/Fotoro.app/$(BUNDLE_EXECUTABLE_FOLDER_PATH)/Fotoro"; BUNDLE_LOADER = "$(TEST_HOST)"; };};
75A7FECDFB644833E76AB47D = {isa = XCBuildConfiguration; name = Release; buildSettings = {SDKROOT = iphoneos; IPHONEOS_DEPLOYMENT_TARGET = 26.0; SWIFT_VERSION = 5.0; TARGETED_DEVICE_FAMILY = "1,2"; GENERATE_INFOPLIST_FILE = YES; CODE_SIGN_STYLE = Automatic; PRODUCT_NAME = "$(TARGET_NAME)"; PRODUCT_BUNDLE_IDENTIFIER = cloud.fotoro.FotoroTests; TEST_HOST = "$(BUILT_PRODUCTS_DIR)/Fotoro.app/$(BUNDLE_EXECUTABLE_FOLDER_PATH)/Fotoro"; BUNDLE_LOADER = "$(TEST_HOST)"; };};
9D62972310D5281ADFD9ED62 = {isa = XCConfigurationList; buildConfigurations = (96DDA8027BEA7EF3109C1C9E,75A7FECDFB644833E76AB47D); defaultConfigurationIsVisible = 0; defaultConfigurationName = Release;};
D799BAE6088A90139B415FCC = {isa = PBXContainerItemProxy; containerPortal = 98F54143AB4E86B28C3AFEE0; proxyType = 1; remoteGlobalIDString = 975049B71593492F1A3E9F62; remoteInfo = Fotoro;};
DE58E2B17C19600779694943 = {isa = PBXTargetDependency; target = 975049B71593492F1A3E9F62; targetProxy = D799BAE6088A90139B415FCC;};
EB0F252B356BD7FA744A0765 = {isa = PBXNativeTarget; buildConfigurationList = 9D62972310D5281ADFD9ED62; buildPhases = (07AFA4A224CDAB3E4C337D68,A9BE3B11E2543E25A2CA6F83,EF739ED295A1F2F0A8BF6DCB); buildRules = (); dependencies = (DE58E2B17C19600779694943); name = FotoroTests; productName = FotoroTests; productReference = 67569DF0ADC8F308A636DE40; productType = "com.apple.product-type.bundle.unit-test"; packageProductDependencies = ();};
FBDC4F23F93125BBEEAE800C = {isa = PBXGroup; children = (712039F6A266B0E1BD3FD639,67569DF0ADC8F308A636DE40); name = Products; sourceTree = "<group>";};
64292B1C2B2E13EAD8788FC8 = {isa = PBXGroup; children = (7DB9AA7A3109E2FA3A910428,F06F34B333C9CFCCA7139ADF,7E423DEACDBD5431C6E8C4CD,3881CDA9089BAEBBB5AB1243,CB2576215CFA57D01BEDC7B1,EF1B5ED475F9D59A355EFA13,D8B3C0C68F77BBA1152780F4,0CA041847F8AC39516377BFD,E8F613E1A11C818647BFCFF0,F6739F2FC6BEFE5BF80ABCF3,F4B85A625F764EB8B3B4BB32,F644429226F99AD103A49D36,98847A5D27B5F521D56945F5,5D63C24159BEF29FDB54E5F4,DF84D9727B0D51F1C4B83A97,C2FF36AB5C2C5935EEE7F98E,BF3D485459C2337886EBE11C,B0BF73A3B6F873049A00ABA0,7517313B7B42E2660286116F,126FEB74C952CC03BBB01874,2EA670A1FD648CE632543C24,9065FAA0C3A9BCD4C2EAF9C7,00527B0E073F3F9DC5F532E6,8FD2B668FEC06C4FB18BDCC0,C6C42B6EE06974054BD81685,00249C08AF001F8370F276A7,97A3B1A3B88081D3FE8681A1,FBDC4F23F93125BBEEAE800C); sourceTree = "<group>";};
89E1FD6268CC0F221A2BE178 = {isa = XCBuildConfiguration; name = Debug; buildSettings = {CLANG_ENABLE_MODULES = YES;};};
E6DE6C99132752C914FEF632 = {isa = XCBuildConfiguration; name = Release; buildSettings = {CLANG_ENABLE_MODULES = YES;};};
862894B703A6DEDF96A9DD6C = {isa = XCConfigurationList; buildConfigurations = (89E1FD6268CC0F221A2BE178,E6DE6C99132752C914FEF632); defaultConfigurationIsVisible = 0; defaultConfigurationName = Release;};
98F54143AB4E86B28C3AFEE0 = {isa = PBXProject; attributes = {LastUpgradeCheck = 2700;}; buildConfigurationList = 862894B703A6DEDF96A9DD6C; compatibilityVersion = "Xcode 15.0"; developmentRegion = en; hasScannedForEncodings = 0; knownRegions = (en,Base); mainGroup = 64292B1C2B2E13EAD8788FC8; productRefGroup = FBDC4F23F93125BBEEAE800C; projectDirPath = ""; projectRoot = ""; targets = (975049B71593492F1A3E9F62,EB0F252B356BD7FA744A0765); packageReferences = (648E93507F325954693780B9,359CC0A73284DA84AE3CE11F,E29CEC1EE32E9DE5220E6389);};
}; rootObject = 98F54143AB4E86B28C3AFEE0;}